// !$*UTF8*$!
{
	archiveVersion = 1;
	classes = {
	};
	objectVersion = 56;
	objects = {

/* Begin PBXBuildFile section */
		631413C928E5CD5900CDB995 /* 3Ultimately.swift in Sources */ = {isa = PBXBuildFile; fileRef = 631413C828E5CD5900CDB995 /* 3Ultimately.swift */; };
		633B9CFA28E2453C00C62135 /* ModelFinancy.swift in Sources */ = {isa = PBXBuildFile; fileRef = 633B9CF928E2453C00C62135 /* ModelFinancy.swift */; };
		633B9CFC28E2463900C62135 /* 1.1SavedMoney.swift in Sources */ = {isa = PBXBuildFile; fileRef = 633B9CFB28E2463900C62135 /* 1.1SavedMoney.swift */; };
		633B9CFE28E3121900C62135 /* 2.1DailyTask.swift in Sources */ = {isa = PBXBuildFile; fileRef = 633B9CFD28E3121900C62135 /* 2.1DailyTask.swift */; };
		633B9D0028E32C0A00C62135 /* 2.2MonthlyTask.swift in Sources */ = {isa = PBXBuildFile; fileRef = 633B9CFF28E32C0A00C62135 /* 2.2MonthlyTask.swift */; };
		633B9D0228E32FA500C62135 /* 1.2GoalsForMoney.swift in Sources */ = {isa = PBXBuildFile; fileRef = 633B9D0128E32FA500C62135 /* 1.2GoalsForMoney.swift */; };
		635AEF5A28DC8039001887BF /* AppDelegate.swift in Sources */ = {isa = PBXBuildFile; fileRef = 635AEF5928DC8039001887BF /* AppDelegate.swift */; };
		635AEF5C28DC8039001887BF /* SceneDelegate.swift in Sources */ = {isa = PBXBuildFile; fileRef = 635AEF5B28DC8039001887BF /* SceneDelegate.swift */; };
		635AEF6128DC8039001887BF /* Main.storyboard in Resources */ = {isa = PBXBuildFile; fileRef = 635AEF5F28DC8039001887BF /* Main.storyboard */; };
		635AEF6628DC803A001887BF /* LaunchScreen.storyboard in Resources */ = {isa = PBXBuildFile; fileRef = 635AEF6428DC803A001887BF /* LaunchScreen.storyboard */; };
		6367461528E2141100938BAB /* NutificationsViewController.swift in Sources */ = {isa = PBXBuildFile; fileRef = 6367461428E2141100938BAB /* NutificationsViewController.swift */; };
		636F34F028E9BCF300DEC3E4 /* CustomTabBarController.swift in Sources */ = {isa = PBXBuildFile; fileRef = 636F34EF28E9BCF300DEC3E4 /* CustomTabBarController.swift */; };
		636F34F228E9C6B100DEC3E4 /* Instruction.swift in Sources */ = {isa = PBXBuildFile; fileRef = 636F34F128E9C6B100DEC3E4 /* Instruction.swift */; };
		6383E8F029056FE900B3D41C /* ModelTask.swift in Sources */ = {isa = PBXBuildFile; fileRef = 6383E8EF29056FE900B3D41C /* ModelTask.swift */; };
		6383E8F32905705000B3D41C /* ModelUltimately.swift in Sources */ = {isa = PBXBuildFile; fileRef = 6383E8F22905705000B3D41C /* ModelUltimately.swift */; };
		63A4287028E85B6800E4188F /* 1.3Income.swift in Sources */ = {isa = PBXBuildFile; fileRef = 63A4286F28E85B6800E4188F /* 1.3Income.swift */; };
		63A4287228E85B9800E4188F /* 1.4Expenses.swift in Sources */ = {isa = PBXBuildFile; fileRef = 63A4287128E85B9800E4188F /* 1.4Expenses.swift */; };
		63FBEC3B28E48333004A8C9C /* Assets.xcassets in Resources */ = {isa = PBXBuildFile; fileRef = 63FBEC3A28E48333004A8C9C /* Assets.xcassets */; };
/* End PBXBuildFile section */

/* Begin PBXBuildRule section */
		630C05FF28E48256003E5DDF /* PBXBuildRule */ = {
			isa = PBXBuildRule;
			compilerSpec = com.apple.compilers.proxy.script;
			fileType = file.rcproject;
			inputFiles = (
			);
			isEditable = 1;
			outputFiles = (
			);
			script = "# rctool\n";
		};
/* End PBXBuildRule section */

/* Begin PBXFileReference section */
		631413C828E5CD5900CDB995 /* 3Ultimately.swift */ = {isa = PBXFileReference; lastKnownFileType = sourcecode.swift; path = 3Ultimately.swift; sourceTree = "<group>"; };
		633B9CF928E2453C00C62135 /* ModelFinancy.swift */ = {isa = PBXFileReference; lastKnownFileType = sourcecode.swift; path = ModelFinancy.swift; sourceTree = "<group>"; };
		633B9CFB28E2463900C62135 /* 1.1SavedMoney.swift */ = {isa = PBXFileReference; lastKnownFileType = sourcecode.swift; path = 1.1SavedMoney.swift; sourceTree = "<group>"; };
		633B9CFD28E3121900C62135 /* 2.1DailyTask.swift */ = {isa = PBXFileReference; lastKnownFileType = sourcecode.swift; path = 2.1DailyTask.swift; sourceTree = "<group>"; };
		633B9CFF28E32C0A00C62135 /* 2.2MonthlyTask.swift */ = {isa = PBXFileReference; lastKnownFileType = sourcecode.swift; path = 2.2MonthlyTask.swift; sourceTree = "<group>"; };
		633B9D0128E32FA500C62135 /* 1.2GoalsForMoney.swift */ = {isa = PBXFileReference; lastKnownFileType = sourcecode.swift; path = 1.2GoalsForMoney.swift; sourceTree = "<group>"; };
		635AEF5628DC8039001887BF /* MyName.app */ = {isa = PBXFileReference; explicitFileType = wrapper.application; includeInIndex = 0; path = MyName.app; sourceTree = BUILT_PRODUCTS_DIR; };
		635AEF5928DC8039001887BF /* AppDelegate.swift */ = {isa = PBXFileReference; lastKnownFileType = sourcecode.swift; path = AppDelegate.swift; sourceTree = "<group>"; };
		635AEF5B28DC8039001887BF /* SceneDelegate.swift */ = {isa = PBXFileReference; lastKnownFileType = sourcecode.swift; path = SceneDelegate.swift; sourceTree = "<group>"; };
		635AEF6028DC8039001887BF /* Base */ = {isa = PBXFileReference; lastKnownFileType = file.storyboard; name = Base; path = Base.lproj/Main.storyboard; sourceTree = "<group>"; };
		635AEF6528DC803A001887BF /* Base */ = {isa = PBXFileReference; lastKnownFileType = file.storyboard; name = Base; path = Base.lproj/LaunchScreen.storyboard; sourceTree = "<group>"; };
		6367461428E2141100938BAB /* NutificationsViewController.swift */ = {isa = PBXFileReference; lastKnownFileType = sourcecode.swift; path = NutificationsViewController.swift; sourceTree = "<group>"; };
		636F34EF28E9BCF300DEC3E4 /* CustomTabBarController.swift */ = {isa = PBXFileReference; lastKnownFileType = sourcecode.swift; path = CustomTabBarController.swift; sourceTree = "<group>"; };
		636F34F128E9C6B100DEC3E4 /* Instruction.swift */ = {isa = PBXFileReference; lastKnownFileType = sourcecode.swift; path = Instruction.swift; sourceTree = "<group>"; };
		637526EE28EDD2D90021E62C /* Info.plist */ = {isa = PBXFileReference; fileEncoding = 4; lastKnownFileType = text.plist.xml; path = Info.plist; sourceTree = "<group>"; };
		6383E8EF29056FE900B3D41C /* ModelTask.swift */ = {isa = PBXFileReference; lastKnownFileType = sourcecode.swift; path = ModelTask.swift; sourceTree = "<group>"; };
		6383E8F22905705000B3D41C /* ModelUltimately.swift */ = {isa = PBXFileReference; lastKnownFileType = sourcecode.swift; path = ModelUltimately.swift; sourceTree = "<group>"; };
		63A4286F28E85B6800E4188F /* 1.3Income.swift */ = {isa = PBXFileReference; lastKnownFileType = sourcecode.swift; path = 1.3Income.swift; sourceTree = "<group>"; };
		63A4287128E85B9800E4188F /* 1.4Expenses.swift */ = {isa = PBXFileReference; lastKnownFileType = sourcecode.swift; path = 1.4Expenses.swift; sourceTree = "<group>"; };
		63FBEC3A28E48333004A8C9C /* Assets.xcassets */ = {isa = PBXFileReference; lastKnownFileType = folder.assetcatalog; path = Assets.xcassets; sourceTree = "<group>"; };
/* End PBXFileReference section */

/* Begin PBXFrameworksBuildPhase section */
		635AEF5328DC8039001887BF /* Frameworks */ = {
			isa = PBXFrameworksBuildPhase;
			buildActionMask = 2147483647;
			files = (
			);
			runOnlyForDeploymentPostprocessing = 0;
		};
/* End PBXFrameworksBuildPhase section */

/* Begin PBXGroup section */
		63347AB928FC2AE200C26B44 /* Model */ = {
			isa = PBXGroup;
			children = (
				635AEF5928DC8039001887BF /* AppDelegate.swift */,
				635AEF5B28DC8039001887BF /* SceneDelegate.swift */,
				6383E8F129056FFD00B3D41C /* Models */,
				63C31B5728F5A05A009543CF /* Controllers */,
				63347ABA28FC2B0E00C26B44 /* View */,
			);
			path = Model;
			sourceTree = "<group>";
		};
		63347ABA28FC2B0E00C26B44 /* View */ = {
			isa = PBXGroup;
			children = (
				636F34EF28E9BCF300DEC3E4 /* CustomTabBarController.swift */,
				635AEF5F28DC8039001887BF /* Main.storyboard */,
				635AEF6428DC803A001887BF /* LaunchScreen.storyboard */,
				63FBEC3A28E48333004A8C9C /* Assets.xcassets */,
			);
			path = View;
			sourceTree = "<group>";
		};
		635AEF4D28DC8039001887BF = {
			isa = PBXGroup;
			children = (
				635AEF5828DC8039001887BF /* MyName */,
				635AEF5728DC8039001887BF /* Products */,
			);
			sourceTree = "<group>";
		};
		635AEF5728DC8039001887BF /* Products */ = {
			isa = PBXGroup;
			children = (
				635AEF5628DC8039001887BF /* MyName.app */,
			);
			name = Products;
			sourceTree = "<group>";
		};
		635AEF5828DC8039001887BF /* MyName */ = {
			isa = PBXGroup;
			children = (
				637526EE28EDD2D90021E62C /* Info.plist */,
				63347AB928FC2AE200C26B44 /* Model */,
			);
			path = MyName;
			sourceTree = "<group>";
		};
		6383E8F129056FFD00B3D41C /* Models */ = {
			isa = PBXGroup;
			children = (
				633B9CF928E2453C00C62135 /* ModelFinancy.swift */,
				6383E8EF29056FE900B3D41C /* ModelTask.swift */,
				6383E8F22905705000B3D41C /* ModelUltimately.swift */,
			);
			path = Models;
			sourceTree = "<group>";
		};
		6383E8F42905718100B3D41C /* Financy's Controllers */ = {
			isa = PBXGroup;
			children = (
				633B9CFB28E2463900C62135 /* 1.1SavedMoney.swift */,
				633B9D0128E32FA500C62135 /* 1.2GoalsForMoney.swift */,
				63A4286F28E85B6800E4188F /* 1.3Income.swift */,
				63A4287128E85B9800E4188F /* 1.4Expenses.swift */,
			);
			path = "Financy's Controllers";
			sourceTree = "<group>";
		};
		6383E8F52905719B00B3D41C /* Goal's Controllers */ = {
			isa = PBXGroup;
			children = (
				633B9CFD28E3121900C62135 /* 2.1DailyTask.swift */,
				633B9CFF28E32C0A00C62135 /* 2.2MonthlyTask.swift */,
				6367461428E2141100938BAB /* NutificationsViewController.swift */,
			);
			path = "Goal's Controllers";
			sourceTree = "<group>";
		};
		6383E8F6290571AA00B3D41C /* Ultimately's Controllers */ = {
			isa = PBXGroup;
			children = (
				631413C828E5CD5900CDB995 /* 3Ultimately.swift */,
				636F34F128E9C6B100DEC3E4 /* Instruction.swift */,
			);
			path = "Ultimately's Controllers";
			sourceTree = "<group>";
		};
		63C31B5728F5A05A009543CF /* Controllers */ = {
			isa = PBXGroup;
			children = (
				6383E8F42905718100B3D41C /* Financy's Controllers */,
				6383E8F52905719B00B3D41C /* Goal's Controllers */,
				6383E8F6290571AA00B3D41C /* Ultimately's Controllers */,
			);
			path = Controllers;
			sourceTree = "<group>";
		};
/* End PBXGroup section */

/* Begin PBXNativeTarget section */
		635AEF5528DC8039001887BF /* MyName */ = {
			isa = PBXNativeTarget;
			buildConfigurationList = 635AEF6A28DC803A001887BF /* Build configuration list for PBXNativeTarget "MyName" */;
			buildPhases = (
				635AEF5228DC8039001887BF /* Sources */,
				635AEF5328DC8039001887BF /* Frameworks */,
				635AEF5428DC8039001887BF /* Resources */,
			);
			buildRules = (
				630C05FF28E48256003E5DDF /* PBXBuildRule */,
			);
			dependencies = (
			);
			name = MyName;
			productName = MyName;
			productReference = 635AEF5628DC8039001887BF /* MyName.app */;
			productType = "com.apple.product-type.application";
		};
/* End PBXNativeTarget section */

/* Begin PBXProject section */
		635AEF4E28DC8039001887BF /* Project object */ = {
			isa = PBXProject;
			attributes = {
				BuildIndependentTargetsInParallel = 1;
				LastSwiftUpdateCheck = 1400;
				LastUpgradeCheck = 1400;
				TargetAttributes = {
					635AEF5528DC8039001887BF = {
						CreatedOnToolsVersion = 14.0;
					};
				};
			};
			buildConfigurationList = 635AEF5128DC8039001887BF /* Build configuration list for PBXProject "MyName" */;
			compatibilityVersion = "Xcode 14.0";
			developmentRegion = en;
			hasScannedForEncodings = 0;
			knownRegions = (
				en,
				Base,
			);
			mainGroup = 635AEF4D28DC8039001887BF;
			productRefGroup = 635AEF5728DC8039001887BF /* Products */;
			projectDirPath = "";
			projectRoot = "";
			targets = (
				635AEF5528DC8039001887BF /* MyName */,
			);
		};
/* End PBXProject section */

/* Begin PBXResourcesBuildPhase section */
		635AEF5428DC8039001887BF /* Resources */ = {
			isa = PBXResourcesBuildPhase;
			buildActionMask = 2147483647;
			files = (
				635AEF6628DC803A001887BF /* LaunchScreen.storyboard in Resources */,
				63FBEC3B28E48333004A8C9C /* Assets.xcassets in Resources */,
				635AEF6128DC8039001887BF /* Main.storyboard in Resources */,
			);
			runOnlyForDeploymentPostprocessing = 0;
		};
/* End PBXResourcesBuildPhase section */

/* Begin PBXSourcesBuildPhase section */
		635AEF5228DC8039001887BF /* Sources */ = {
			isa = PBXSourcesBuildPhase;
			buildActionMask = 2147483647;
			files = (
				635AEF5A28DC8039001887BF /* AppDelegate.swift in Sources */,
				633B9D0028E32C0A00C62135 /* 2.2MonthlyTask.swift in Sources */,
				636F34F028E9BCF300DEC3E4 /* CustomTabBarController.swift in Sources */,
				633B9CFE28E3121900C62135 /* 2.1DailyTask.swift in Sources */,
				633B9D0228E32FA500C62135 /* 1.2GoalsForMoney.swift in Sources */,
				635AEF5C28DC8039001887BF /* SceneDelegate.swift in Sources */,
				6383E8F32905705000B3D41C /* ModelUltimately.swift in Sources */,
				636F34F228E9C6B100DEC3E4 /* Instruction.swift in Sources */,
				633B9CFA28E2453C00C62135 /* ModelFinancy.swift in Sources */,
				6367461528E2141100938BAB /* NutificationsViewController.swift in Sources */,
				631413C928E5CD5900CDB995 /* 3Ultimately.swift in Sources */,
				63A4287028E85B6800E4188F /* 1.3Income.swift in Sources */,
				633B9CFC28E2463900C62135 /* 1.1SavedMoney.swift in Sources */,
				63A4287228E85B9800E4188F /* 1.4Expenses.swift in Sources */,
				6383E8F029056FE900B3D41C /* ModelTask.swift in Sources */,
			);
			runOnlyForDeploymentPostprocessing = 0;
		};
/* End PBXSourcesBuildPhase section */

/* Begin PBXVariantGroup section */
		635AEF5F28DC8039001887BF /* Main.storyboard */ = {
			isa = PBXVariantGroup;
			children = (
				635AEF6028DC8039001887BF /* Base */,
			);
			name = Main.storyboard;
			sourceTree = "<group>";
		};
		635AEF6428DC803A001887BF /* LaunchScreen.storyboard */ = {
			isa = PBXVariantGroup;
			children = (
				635AEF6528DC803A001887BF /* Base */,
			);
			name = LaunchScreen.storyboard;
			sourceTree = "<group>";
		};
/* End PBXVariantGroup section */

/* Begin XCBuildConfiguration section */
		635AEF6828DC803A001887BF /* Debug */ = {
			isa = XCBuildConfiguration;
			buildSettings = {
				ALWAYS_SEARCH_USER_PATHS = NO;
				CLANG_ANALYZER_NONNULL = YES;
				CLANG_ANALYZER_NUMBER_OBJECT_CONVERSION = YES_AGGRESSIVE;
				CLANG_CXX_LANGUAGE_STANDARD = "gnu++20";
				CLANG_ENABLE_MODULES = YES;
				CLANG_ENABLE_OBJC_ARC = YES;
				CLANG_ENABLE_OBJC_WEAK = YES;
				CLANG_WARN_BLOCK_CAPTURE_AUTORELEASING = YES;
				CLANG_WARN_BOOL_CONVERSION = YES;
				CLANG_WARN_COMMA = YES;
				CLANG_WARN_CONSTANT_CONVERSION = YES;
				CLANG_WARN_DEPRECATED_OBJC_IMPLEMENTATIONS = YES;
				CLANG_WARN_DIRECT_OBJC_ISA_USAGE = YES_ERROR;
				CLANG_WARN_DOCUMENTATION_COMMENTS = YES;
				CLANG_WARN_EMPTY_BODY = YES;
				CLANG_WARN_ENUM_CONVERSION = YES;
				CLANG_WARN_INFINITE_RECURSION = YES;
				CLANG_WARN_INT_CONVERSION = YES;
				CLANG_WARN_NON_LITERAL_NULL_CONVERSION = YES;
				CLANG_WARN_OBJC_IMPLICIT_RETAIN_SELF = YES;
				CLANG_WARN_OBJC_LITERAL_CONVERSION = YES;
				CLANG_WARN_OBJC_ROOT_CLASS = YES_ERROR;
				CLANG_WARN_QUOTED_INCLUDE_IN_FRAMEWORK_HEADER = YES;
				CLANG_WARN_RANGE_LOOP_ANALYSIS = YES;
				CLANG_WARN_STRICT_PROTOTYPES = YES;
				CLANG_WARN_SUSPICIOUS_MOVE = YES;
				CLANG_WARN_UNGUARDED_AVAILABILITY = YES_AGGRESSIVE;
				CLANG_WARN_UNREACHABLE_CODE = YES;
				CLANG_WARN__DUPLICATE_METHOD_MATCH = YES;
				COPY_PHASE_STRIP = NO;
				DEBUG_INFORMATION_FORMAT = dwarf;
				ENABLE_STRICT_OBJC_MSGSEND = YES;
				ENABLE_TESTABILITY = YES;
				GCC_C_LANGUAGE_STANDARD = gnu11;
				GCC_DYNAMIC_NO_PIC = NO;
				GCC_NO_COMMON_BLOCKS = YES;
				GCC_OPTIMIZATION_LEVEL = 0;
				GCC_PREPROCESSOR_DEFINITIONS = (
					"DEBUG=1",
					"$(inherited)",
				);
				GCC_WARN_64_TO_32_BIT_CONVERSION = YES;
				GCC_WARN_ABOUT_RETURN_TYPE = YES_ERROR;
				GCC_WARN_UNDECLARED_SELECTOR = YES;
				GCC_WARN_UNINITIALIZED_AUTOS = YES_AGGRESSIVE;
				GCC_WARN_UNUSED_FUNCTION = YES;
				GCC_WARN_UNUSED_VARIABLE = YES;
				IPHONEOS_DEPLOYMENT_TARGET = 16.0;
				MTL_ENABLE_DEBUG_INFO = INCLUDE_SOURCE;
				MTL_FAST_MATH = YES;
				ONLY_ACTIVE_ARCH = YES;
				SDKROOT = iphoneos;
				SWIFT_ACTIVE_COMPILATION_CONDITIONS = DEBUG;
				SWIFT_OPTIMIZATION_LEVEL = "-Onone";
			};
			name = Debug;
		};
		635AEF6928DC803A001887BF /* Release */ = {
			isa = XCBuildConfiguration;
			buildSettings = {
				ALWAYS_SEARCH_USER_PATHS = NO;
				CLANG_ANALYZER_NONNULL = YES;
				CLANG_ANALYZER_NUMBER_OBJECT_CONVERSION = YES_AGGRESSIVE;
				CLANG_CXX_LANGUAGE_STANDARD = "gnu++20";
				CLANG_ENABLE_MODULES = YES;
				CLANG_ENABLE_OBJC_ARC = YES;
				CLANG_ENABLE_OBJC_WEAK = YES;
				CLANG_WARN_BLOCK_CAPTURE_AUTORELEASING = YES;
				CLANG_WARN_BOOL_CONVERSION = YES;
				CLANG_WARN_COMMA = YES;
				CLANG_WARN_CONSTANT_CONVERSION = YES;
				CLANG_WARN_DEPRECATED_OBJC_IMPLEMENTATIONS = YES;
				CLANG_WARN_DIRECT_OBJC_ISA_USAGE = YES_ERROR;
				CLANG_WARN_DOCUMENTATION_COMMENTS = YES;
				CLANG_WARN_EMPTY_BODY = YES;
				CLANG_WARN_ENUM_CONVERSION = YES;
				CLANG_WARN_INFINITE_RECURSION = YES;
				CLANG_WARN_INT_CONVERSION = YES;
				CLANG_WARN_NON_LITERAL_NULL_CONVERSION = YES;
				CLANG_WARN_OBJC_IMPLICIT_RETAIN_SELF = YES;
				CLANG_WARN_OBJC_LITERAL_CONVERSION = YES;
				CLANG_WARN_OBJC_ROOT_CLASS = YES_ERROR;
				CLANG_WARN_QUOTED_INCLUDE_IN_FRAMEWORK_HEADER = YES;
				CLANG_WARN_RANGE_LOOP_ANALYSIS = YES;
				CLANG_WARN_STRICT_PROTOTYPES = YES;
				CLANG_WARN_SUSPICIOUS_MOVE = YES;
				CLANG_WARN_UNGUARDED_AVAILABILITY = YES_AGGRESSIVE;
				CLANG_WARN_UNREACHABLE_CODE = YES;
				CLANG_WARN__DUPLICATE_METHOD_MATCH = YES;
				COPY_PHASE_STRIP = NO;
				DEBUG_INFORMATION_FORMAT = "dwarf-with-dsym";
				ENABLE_NS_ASSERTIONS = NO;
				ENABLE_STRICT_OBJC_MSGSEND = YES;
				GCC_C_LANGUAGE_STANDARD = gnu11;
				GCC_NO_COMMON_BLOCKS = YES;
				GCC_WARN_64_TO_32_BIT_CONVERSION = YES;
				GCC_WARN_ABOUT_RETURN_TYPE = YES_ERROR;
				GCC_WARN_UNDECLARED_SELECTOR = YES;
				GCC_WARN_UNINITIALIZED_AUTOS = YES_AGGRESSIVE;
				GCC_WARN_UNUSED_FUNCTION = YES;
				GCC_WARN_UNUSED_VARIABLE = YES;
				IPHONEOS_DEPLOYMENT_TARGET = 16.0;
				MTL_ENABLE_DEBUG_INFO = NO;
				MTL_FAST_MATH = YES;
				SDKROOT = iphoneos;
				SWIFT_COMPILATION_MODE = wholemodule;
				SWIFT_OPTIMIZATION_LEVEL = "-O";
				VALIDATE_PRODUCT = YES;
			};
			name = Release;
		};
		635AEF6B28DC803A001887BF /* Debug */ = {
			isa = XCBuildConfiguration;
			buildSettings = {
				ASSETCATALOG_COMPILER_APPICON_NAME = AppIcon;
				ASSETCATALOG_COMPILER_GLOBAL_ACCENT_COLOR_NAME = AccentColor;
				CODE_SIGN_STYLE = Automatic;
				CURRENT_PROJECT_VERSION = 1;
				DEVELOPMENT_TEAM = 69WKAUKZ3J;
				GENERATE_INFOPLIST_FILE = YES;
				INFOPLIST_FILE = MyName/Info.plist;
				INFOPLIST_KEY_CFBundleDisplayName = "not Book";
				INFOPLIST_KEY_UIApplicationSupportsIndirectInputEvents = YES;
				INFOPLIST_KEY_UILaunchStoryboardName = LaunchScreen;
				INFOPLIST_KEY_UIMainStoryboardFile = Main;
				INFOPLIST_KEY_UIStatusBarStyle = "";
				INFOPLIST_KEY_UISupportedInterfaceOrientations = UIInterfaceOrientationPortrait;
				LD_RUNPATH_SEARCH_PATHS = (
					"$(inherited)",
					"@executable_path/Frameworks",
				);
				MARKETING_VERSION = 1.0;
				PRODUCT_BUNDLE_IDENTIFIER = d0qew.MyName;
				PRODUCT_NAME = "$(TARGET_NAME)";
				SUPPORTED_PLATFORMS = "iphoneos iphonesimulator";
				SUPPORTS_MACCATALYST = NO;
				SUPPORTS_MAC_DESIGNED_FOR_IPHONE_IPAD = NO;
				SWIFT_EMIT_LOC_STRINGS = YES;
				SWIFT_VERSION = 5.0;
				TARGETED_DEVICE_FAMILY = "1,2";
			};
			name = Debug;
		};
		635AEF6C28DC803A001887BF /* Release */ = {
			isa = XCBuildConfiguration;
			buildSettings = {
				ASSETCATALOG_COMPILER_APPICON_NAME = AppIcon;
				ASSETCATALOG_COMPILER_GLOBAL_ACCENT_COLOR_NAME = AccentColor;
				CODE_SIGN_STYLE = Automatic;
				CURRENT_PROJECT_VERSION = 1;
				DEVELOPMENT_TEAM = 69WKAUKZ3J;
				GENERATE_INFOPLIST_FILE = YES;
				INFOPLIST_FILE = MyName/Info.plist;
				INFOPLIST_KEY_CFBundleDisplayName = "not Book";
				INFOPLIST_KEY_UIApplicationSupportsIndirectInputEvents = YES;
				INFOPLIST_KEY_UILaunchStoryboardName = LaunchScreen;
				INFOPLIST_KEY_UIMainStoryboardFile = Main;
				INFOPLIST_KEY_UIStatusBarStyle = "";
				INFOPLIST_KEY_UISupportedInterfaceOrientations = UIInterfaceOrientationPortrait;
				LD_RUNPATH_SEARCH_PATHS = (
					"$(inherited)",
					"@executable_path/Frameworks",
				);
				MARKETING_VERSION = 1.0;
				PRODUCT_BUNDLE_IDENTIFIER = d0qew.MyName;
				PRODUCT_NAME = "$(TARGET_NAME)";
				SUPPORTED_PLATFORMS = "iphoneos iphonesimulator";
				SUPPORTS_MACCATALYST = NO;
				SUPPORTS_MAC_DESIGNED_FOR_IPHONE_IPAD = NO;
				SWIFT_EMIT_LOC_STRINGS = YES;
				SWIFT_VERSION = 5.0;
				TARGETED_DEVICE_FAMILY = "1,2";
			};
			name = Release;
		};
/* End XCBuildConfiguration section */

/* Begin XCConfigurationList section */
		635AEF5128DC8039001887BF /* Build configuration list for PBXProject "MyName" */ = {
			isa = XCConfigurationList;
			buildConfigurations = (
				635AEF6828DC803A001887BF /* Debug */,
				635AEF6928DC803A001887BF /* Release */,
			);
			defaultConfigurationIsVisible = 0;
			defaultConfigurationName = Release;
		};
		635AEF6A28DC803A001887BF /* Build configuration list for PBXNativeTarget "MyName" */ = {
			isa = XCConfigurationList;
			buildConfigurations = (
				635AEF6B28DC803A001887BF /* Debug */,
				635AEF6C28DC803A001887BF /* Release */,
			);
			defaultConfigurationIsVisible = 0;
			defaultConfigurationName = Release;
		};
/* End XCConfigurationList section */
	};
	rootObject = 635AEF4E28DC8039001887BF /* Project object */;
}
